
Microsoft Visual Studio Solution File, Format Version 12.00
# Visual Studio Version 17
VisualStudioVersion = 17.2.32519.379
MinimumVisualStudioVersion = 10.0.40219.1
Project("{FAE04EC0-301F-11D3-BF4B-00C04F79EFBC}") = "ContosoUniversity", "ContosoUniversity\ContosoUniversity.csproj", "{63A71CD5-9BD5-40FE-AC7A-58800CF8F9A8}"
EndProject
Global
	GlobalSection(SolutionConfigurationPlatforms) = preSolution
		Debug|Any CPU = Debug|Any CPU
		Release|Any CPU = Release|Any CPU
	EndGlobalSection
	GlobalSection(ProjectConfigurationPlatforms) = postSolution
		{63A71CD5-9BD5-40FE-AC7A-58800CF8F9A8}.Debug|Any CPU.ActiveCfg = Debug|Any CPU
		{63A71CD5-9BD5-40FE-AC7A-58800CF8F9A8}.Debug|Any CPU.Build.0 = Debug|Any CPU
		{63A71CD5-9BD5-40FE-AC7A-58800CF8F9A8}.Release|Any CPU.ActiveCfg = Release|Any CPU
		{63A71CD5-9BD5-40FE-AC7A-58800CF8F9A8}.Release|Any CPU.Build.0 = Release|Any CPU
	EndGlobalSection
	GlobalSection(SolutionProperties) = preSolution
		HideSolutionNode = FALSE
	EndGlobalSection
	GlobalSection(ExtensibilityGlobals) = postSolution
		SolutionGuid = {E2096657-DB59-466F-A85E-B9846A149993}
	EndGlobalSection
EndGlobal
